
Microsoft Visual Studio Solution File, Format Version 12.00
# Visual Studio Version 16
VisualStudioVersion = 16.0.30717.126
MinimumVisualStudioVersion = 10.0.40219.1
Project("{9A19103F-16F7-4668-BE54-9A1E7A4F7556}") = "Day 1 Report Repair", "Day 1 Report Repair\Day 1 Report Repair.csproj", "{D85FA381-DDBA-42D9-9171-21AB4C7E9E83}"
EndProject
Project("{FAE04EC0-301F-11D3-BF4B-00C04F79EFBC}") = "Day 2 Password Philosophy", "Day 2 Password Philosophy\Day 2 Password Philosophy.csproj", "{5314D2E0-4531-4760-ABE8-54FF128A988C}"
EndProject
Global
	GlobalSection(SolutionConfigurationPlatforms) = preSolution
		Debug|Any CPU = Debug|Any CPU
		Release|Any CPU = Release|Any CPU
	EndGlobalSection
	GlobalSection(ProjectConfigurationPlatforms) = postSolution
		{D85FA381-DDBA-42D9-9171-21AB4C7E9E83}.Debug|Any CPU.ActiveCfg = Debug|Any CPU
		{D85FA381-DDBA-42D9-9171-21AB4C7E9E83}.Debug|Any CPU.Build.0 = Debug|Any CPU
		{D85FA381-DDBA-42D9-9171-21AB4C7E9E83}.Release|Any CPU.ActiveCfg = Release|Any CPU
		{D85FA381-DDBA-42D9-9171-21AB4C7E9E83}.Release|Any CPU.Build.0 = Release|Any CPU
		{5314D2E0-4531-4760-ABE8-54FF128A988C}.Debug|Any CPU.ActiveCfg = Debug|Any CPU
		{5314D2E0-4531-4760-ABE8-54FF128A988C}.Debug|Any CPU.Build.0 = Debug|Any CPU
		{5314D2E0-4531-4760-ABE8-54FF128A988C}.Release|Any CPU.ActiveCfg = Release|Any CPU
		{5314D2E0-4531-4760-ABE8-54FF128A988C}.Release|Any CPU.Build.0 = Release|Any CPU
	EndGlobalSection
	GlobalSection(SolutionProperties) = preSolution
		HideSolutionNode = FALSE
	EndGlobalSection
	GlobalSection(ExtensibilityGlobals) = postSolution
		SolutionGuid = {5B03A2FA-6E9C-448D-B95D-1D0E7B5A454A}
	EndGlobalSection
EndGlobal
